<Solution>
  <Folder Name="/_SolutionItems/">
    <File Path=".editorconfig" />
    <File Path=".gitattributes" />
    <File Path=".gitignore" />
    <File Path="LICENSE" />
    <File Path="nuget.config" />
    <File Path="README.md" />
  </Folder>
  <Project Path="FastWpfGrid/FastWpfGrid.csproj" />
  <Project Path="SimpleExcelViewer/SimpleExcelViewer.csproj" />
</Solution>
